
Microsoft Visual Studio Solution File, Format Version 12.00
# Visual Studio Version 17
VisualStudioVersion = 17.5.002.0
MinimumVisualStudioVersion = 10.0.40219.1
Project("{2150E333-8FDC-42A3-9474-1A3956D46DE8}") = "common", "common", "{A0AA4601-8B16-4BB1-85F1-CE3EA5EBAEE4}"
EndProject
Project("{9A19103F-16F7-4668-BE54-9A1E7A4F7556}") = "Distributed.Contracts", "common\Distributed.Contracts\Distributed.Contracts.csproj", "{5F974756-95E0-4CD5-A212-18EB715F22A9}"
EndProject
Project("{9A19103F-16F7-4668-BE54-9A1E7A4F7556}") = "Distributed.Core", "common\Distributed.Core\Distributed.Core.csproj", "{B78845CC-D2E2-4E52-A243-18A9F3C4C098}"
EndProject
Project("{2150E333-8FDC-42A3-9474-1A3956D46DE8}") = "services", "services", "{D7B49FE3-82DA-4CF2-9095-0B7D4F41B1BE}"
EndProject
Project("{9A19103F-16F7-4668-BE54-9A1E7A4F7556}") = "Distributed.Proposals", "services\Distributed.Proposals\Distributed.Proposals.csproj", "{59FD16CD-CE6F-4778-93FD-BA0DCE3BAA31}"
EndProject
Project("{9A19103F-16F7-4668-BE54-9A1E7A4F7556}") = "Distributed.Workflows", "services\Distributed.Workflows\Distributed.Workflows.csproj", "{401FCCC3-8B14-481C-A2F8-2A7A88159F97}"
EndProject
Global
	GlobalSection(SolutionConfigurationPlatforms) = preSolution
		Debug|Any CPU = Debug|Any CPU
		Release|Any CPU = Release|Any CPU
	EndGlobalSection
	GlobalSection(ProjectConfigurationPlatforms) = postSolution
		{5F974756-95E0-4CD5-A212-18EB715F22A9}.Debug|Any CPU.ActiveCfg = Debug|Any CPU
		{5F974756-95E0-4CD5-A212-18EB715F22A9}.Debug|Any CPU.Build.0 = Debug|Any CPU
		{5F974756-95E0-4CD5-A212-18EB715F22A9}.Release|Any CPU.ActiveCfg = Release|Any CPU
		{5F974756-95E0-4CD5-A212-18EB715F22A9}.Release|Any CPU.Build.0 = Release|Any CPU
		{B78845CC-D2E2-4E52-A243-18A9F3C4C098}.Debug|Any CPU.ActiveCfg = Debug|Any CPU
		{B78845CC-D2E2-4E52-A243-18A9F3C4C098}.Debug|Any CPU.Build.0 = Debug|Any CPU
		{B78845CC-D2E2-4E52-A243-18A9F3C4C098}.Release|Any CPU.ActiveCfg = Release|Any CPU
		{B78845CC-D2E2-4E52-A243-18A9F3C4C098}.Release|Any CPU.Build.0 = Release|Any CPU
		{59FD16CD-CE6F-4778-93FD-BA0DCE3BAA31}.Debug|Any CPU.ActiveCfg = Debug|Any CPU
		{59FD16CD-CE6F-4778-93FD-BA0DCE3BAA31}.Debug|Any CPU.Build.0 = Debug|Any CPU
		{59FD16CD-CE6F-4778-93FD-BA0DCE3BAA31}.Release|Any CPU.ActiveCfg = Release|Any CPU
		{59FD16CD-CE6F-4778-93FD-BA0DCE3BAA31}.Release|Any CPU.Build.0 = Release|Any CPU
		{401FCCC3-8B14-481C-A2F8-2A7A88159F97}.Debug|Any CPU.ActiveCfg = Debug|Any CPU
		{401FCCC3-8B14-481C-A2F8-2A7A88159F97}.Debug|Any CPU.Build.0 = Debug|Any CPU
		{401FCCC3-8B14-481C-A2F8-2A7A88159F97}.Release|Any CPU.ActiveCfg = Release|Any CPU
		{401FCCC3-8B14-481C-A2F8-2A7A88159F97}.Release|Any CPU.Build.0 = Release|Any CPU
	EndGlobalSection
	GlobalSection(SolutionProperties) = preSolution
		HideSolutionNode = FALSE
	EndGlobalSection
	GlobalSection(NestedProjects) = preSolution
		{5F974756-95E0-4CD5-A212-18EB715F22A9} = {A0AA4601-8B16-4BB1-85F1-CE3EA5EBAEE4}
		{B78845CC-D2E2-4E52-A243-18A9F3C4C098} = {A0AA4601-8B16-4BB1-85F1-CE3EA5EBAEE4}
		{59FD16CD-CE6F-4778-93FD-BA0DCE3BAA31} = {D7B49FE3-82DA-4CF2-9095-0B7D4F41B1BE}
		{401FCCC3-8B14-481C-A2F8-2A7A88159F97} = {D7B49FE3-82DA-4CF2-9095-0B7D4F41B1BE}
	EndGlobalSection
	GlobalSection(ExtensibilityGlobals) = postSolution
		SolutionGuid = {3CA7E882-4541-4271-8083-7C8D6D6B3B3C}
	EndGlobalSection
EndGlobal
