
Microsoft Visual Studio Solution File, Format Version 12.00
# Visual Studio Version 17
VisualStudioVersion = 17.5.002.0
MinimumVisualStudioVersion = 10.0.40219.1
Project("{2150E333-8FDC-42A3-9474-1A3956D46DE8}") = "api", "api", "{FCF0AF78-01F3-4F8B-A9A0-4061C3A34FFB}"
EndProject
Project("{9A19103F-16F7-4668-BE54-9A1E7A4F7556}") = "Distributed.Proposals.Api", "api\Distributed.Proposals.Api\Distributed.Proposals.Api.csproj", "{0B446B5C-6B77-4D15-A73F-A8BDDF889DA9}"
EndProject
Project("{9A19103F-16F7-4668-BE54-9A1E7A4F7556}") = "Distributed.Workflows.Api", "api\Distributed.Workflows.Api\Distributed.Workflows.Api.csproj", "{79705AF8-5050-4367-AFD1-EF295771355F}"
EndProject
Project("{2150E333-8FDC-42A3-9474-1A3956D46DE8}") = "common", "common", "{B6250A47-00A8-4633-B36F-6693AAD62427}"
EndProject
Project("{9A19103F-16F7-4668-BE54-9A1E7A4F7556}") = "Distributed.Contracts", "common\Distributed.Contracts\Distributed.Contracts.csproj", "{F431842F-CB0E-4B9C-9F0A-83B68FDE11E4}"
EndProject
Project("{9A19103F-16F7-4668-BE54-9A1E7A4F7556}") = "Distributed.Core", "common\Distributed.Core\Distributed.Core.csproj", "{126A9CA5-ECCC-4CDA-AE11-6AB99AF35A41}"
EndProject
Project("{2150E333-8FDC-42A3-9474-1A3956D46DE8}") = "data", "data", "{CE810280-09CD-4B26-8070-79E48EFBB2A4}"
EndProject
Project("{9A19103F-16F7-4668-BE54-9A1E7A4F7556}") = "Distributed.Proposals.Data", "data\Distributed.Proposals.Data\Distributed.Proposals.Data.csproj", "{5EBC1908-53AB-47D6-A499-E9D87FE0FB3E}"
EndProject
Project("{9A19103F-16F7-4668-BE54-9A1E7A4F7556}") = "Distributed.Workflows.Data", "data\Distributed.Workflows.Data\Distributed.Workflows.Data.csproj", "{45746E96-0FDE-453F-929E-2E5769FB8D6C}"
EndProject
Project("{2150E333-8FDC-42A3-9474-1A3956D46DE8}") = "logic", "logic", "{7424B4E2-DB4F-420B-8D69-C3BCC1297375}"
EndProject
Project("{9A19103F-16F7-4668-BE54-9A1E7A4F7556}") = "Distributed.Proposals.Logic", "logic\Distributed.Proposals.Logic\Distributed.Proposals.Logic.csproj", "{52DEEDFB-BB68-4112-AD39-4FD2FBDDE323}"
EndProject
Project("{9A19103F-16F7-4668-BE54-9A1E7A4F7556}") = "Distributed.Workflows.Logic", "logic\Distributed.Workflows.Logic\Distributed.Workflows.Logic.csproj", "{6F35E4BB-E62C-4593-9095-530F3DCC7C1F}"
EndProject
Project("{2150E333-8FDC-42A3-9474-1A3956D46DE8}") = "schema", "schema", "{CBB3404F-AECD-4391-A6A5-4072991A0118}"
EndProject
Project("{9A19103F-16F7-4668-BE54-9A1E7A4F7556}") = "Distributed.Proposals.Schema", "schema\Distributed.Proposals.Schema\Distributed.Proposals.Schema.csproj", "{504DCA5B-6771-4FD8-A545-7D5F8F08922A}"
EndProject
Project("{9A19103F-16F7-4668-BE54-9A1E7A4F7556}") = "Distributed.Workflows.Schema", "schema\Distributed.Workflows.Schema\Distributed.Workflows.Schema.csproj", "{5D4CBD42-8A7B-4195-AD20-705ADDF210FB}"
EndProject
Global
	GlobalSection(SolutionConfigurationPlatforms) = preSolution
		Debug|Any CPU = Debug|Any CPU
		Release|Any CPU = Release|Any CPU
	EndGlobalSection
	GlobalSection(ProjectConfigurationPlatforms) = postSolution
		{0B446B5C-6B77-4D15-A73F-A8BDDF889DA9}.Debug|Any CPU.ActiveCfg = Debug|Any CPU
		{0B446B5C-6B77-4D15-A73F-A8BDDF889DA9}.Debug|Any CPU.Build.0 = Debug|Any CPU
		{0B446B5C-6B77-4D15-A73F-A8BDDF889DA9}.Release|Any CPU.ActiveCfg = Release|Any CPU
		{0B446B5C-6B77-4D15-A73F-A8BDDF889DA9}.Release|Any CPU.Build.0 = Release|Any CPU
		{79705AF8-5050-4367-AFD1-EF295771355F}.Debug|Any CPU.ActiveCfg = Debug|Any CPU
		{79705AF8-5050-4367-AFD1-EF295771355F}.Debug|Any CPU.Build.0 = Debug|Any CPU
		{79705AF8-5050-4367-AFD1-EF295771355F}.Release|Any CPU.ActiveCfg = Release|Any CPU
		{79705AF8-5050-4367-AFD1-EF295771355F}.Release|Any CPU.Build.0 = Release|Any CPU
		{F431842F-CB0E-4B9C-9F0A-83B68FDE11E4}.Debug|Any CPU.ActiveCfg = Debug|Any CPU
		{F431842F-CB0E-4B9C-9F0A-83B68FDE11E4}.Debug|Any CPU.Build.0 = Debug|Any CPU
		{F431842F-CB0E-4B9C-9F0A-83B68FDE11E4}.Release|Any CPU.ActiveCfg = Release|Any CPU
		{F431842F-CB0E-4B9C-9F0A-83B68FDE11E4}.Release|Any CPU.Build.0 = Release|Any CPU
		{126A9CA5-ECCC-4CDA-AE11-6AB99AF35A41}.Debug|Any CPU.ActiveCfg = Debug|Any CPU
		{126A9CA5-ECCC-4CDA-AE11-6AB99AF35A41}.Debug|Any CPU.Build.0 = Debug|Any CPU
		{126A9CA5-ECCC-4CDA-AE11-6AB99AF35A41}.Release|Any CPU.ActiveCfg = Release|Any CPU
		{126A9CA5-ECCC-4CDA-AE11-6AB99AF35A41}.Release|Any CPU.Build.0 = Release|Any CPU
		{5EBC1908-53AB-47D6-A499-E9D87FE0FB3E}.Debug|Any CPU.ActiveCfg = Debug|Any CPU
		{5EBC1908-53AB-47D6-A499-E9D87FE0FB3E}.Debug|Any CPU.Build.0 = Debug|Any CPU
		{5EBC1908-53AB-47D6-A499-E9D87FE0FB3E}.Release|Any CPU.ActiveCfg = Release|Any CPU
		{5EBC1908-53AB-47D6-A499-E9D87FE0FB3E}.Release|Any CPU.Build.0 = Release|Any CPU
		{45746E96-0FDE-453F-929E-2E5769FB8D6C}.Debug|Any CPU.ActiveCfg = Debug|Any CPU
		{45746E96-0FDE-453F-929E-2E5769FB8D6C}.Debug|Any CPU.Build.0 = Debug|Any CPU
		{45746E96-0FDE-453F-929E-2E5769FB8D6C}.Release|Any CPU.ActiveCfg = Release|Any CPU
		{45746E96-0FDE-453F-929E-2E5769FB8D6C}.Release|Any CPU.Build.0 = Release|Any CPU
		{52DEEDFB-BB68-4112-AD39-4FD2FBDDE323}.Debug|Any CPU.ActiveCfg = Debug|Any CPU
		{52DEEDFB-BB68-4112-AD39-4FD2FBDDE323}.Debug|Any CPU.Build.0 = Debug|Any CPU
		{52DEEDFB-BB68-4112-AD39-4FD2FBDDE323}.Release|Any CPU.ActiveCfg = Release|Any CPU
		{52DEEDFB-BB68-4112-AD39-4FD2FBDDE323}.Release|Any CPU.Build.0 = Release|Any CPU
		{6F35E4BB-E62C-4593-9095-530F3DCC7C1F}.Debug|Any CPU.ActiveCfg = Debug|Any CPU
		{6F35E4BB-E62C-4593-9095-530F3DCC7C1F}.Debug|Any CPU.Build.0 = Debug|Any CPU
		{6F35E4BB-E62C-4593-9095-530F3DCC7C1F}.Release|Any CPU.ActiveCfg = Release|Any CPU
		{6F35E4BB-E62C-4593-9095-530F3DCC7C1F}.Release|Any CPU.Build.0 = Release|Any CPU
		{504DCA5B-6771-4FD8-A545-7D5F8F08922A}.Debug|Any CPU.ActiveCfg = Debug|Any CPU
		{504DCA5B-6771-4FD8-A545-7D5F8F08922A}.Debug|Any CPU.Build.0 = Debug|Any CPU
		{504DCA5B-6771-4FD8-A545-7D5F8F08922A}.Release|Any CPU.ActiveCfg = Release|Any CPU
		{504DCA5B-6771-4FD8-A545-7D5F8F08922A}.Release|Any CPU.Build.0 = Release|Any CPU
		{5D4CBD42-8A7B-4195-AD20-705ADDF210FB}.Debug|Any CPU.ActiveCfg = Debug|Any CPU
		{5D4CBD42-8A7B-4195-AD20-705ADDF210FB}.Debug|Any CPU.Build.0 = Debug|Any CPU
		{5D4CBD42-8A7B-4195-AD20-705ADDF210FB}.Release|Any CPU.ActiveCfg = Release|Any CPU
		{5D4CBD42-8A7B-4195-AD20-705ADDF210FB}.Release|Any CPU.Build.0 = Release|Any CPU
	EndGlobalSection
	GlobalSection(SolutionProperties) = preSolution
		HideSolutionNode = FALSE
	EndGlobalSection
	GlobalSection(NestedProjects) = preSolution
		{0B446B5C-6B77-4D15-A73F-A8BDDF889DA9} = {FCF0AF78-01F3-4F8B-A9A0-4061C3A34FFB}
		{79705AF8-5050-4367-AFD1-EF295771355F} = {FCF0AF78-01F3-4F8B-A9A0-4061C3A34FFB}
		{F431842F-CB0E-4B9C-9F0A-83B68FDE11E4} = {B6250A47-00A8-4633-B36F-6693AAD62427}
		{126A9CA5-ECCC-4CDA-AE11-6AB99AF35A41} = {B6250A47-00A8-4633-B36F-6693AAD62427}
		{5EBC1908-53AB-47D6-A499-E9D87FE0FB3E} = {CE810280-09CD-4B26-8070-79E48EFBB2A4}
		{45746E96-0FDE-453F-929E-2E5769FB8D6C} = {CE810280-09CD-4B26-8070-79E48EFBB2A4}
		{52DEEDFB-BB68-4112-AD39-4FD2FBDDE323} = {7424B4E2-DB4F-420B-8D69-C3BCC1297375}
		{6F35E4BB-E62C-4593-9095-530F3DCC7C1F} = {7424B4E2-DB4F-420B-8D69-C3BCC1297375}
		{504DCA5B-6771-4FD8-A545-7D5F8F08922A} = {CBB3404F-AECD-4391-A6A5-4072991A0118}
		{5D4CBD42-8A7B-4195-AD20-705ADDF210FB} = {CBB3404F-AECD-4391-A6A5-4072991A0118}
	EndGlobalSection
	GlobalSection(ExtensibilityGlobals) = postSolution
		SolutionGuid = {3BA33689-08AE-48C3-BEEB-F8ED4F0F967F}
	EndGlobalSection
EndGlobal
